
Microsoft Visual Studio Solution File, Format Version 12.00
# Visual Studio 14
VisualStudioVersion = 14.0.25123.0
MinimumVisualStudioVersion = 10.0.40219.1
Project("{2150E333-8FDC-42A3-9474-1A3956D46DE8}") = "Solution Items", "Solution Items", "{52970445-311B-45F7-BE3C-5F5116B80BFD}"
	ProjectSection(SolutionItems) = preProject
		global.json = global.json
		License.txt = License.txt
		NuGet.config = NuGet.config
		Readme.md = Readme.md
	EndProjectSection
EndProject
Project("{8BB2217D-0F2D-49D1-97BC-3654ED321F3B}") = "URF.Abstractions", "src\URF.Abstractions\URF.Abstractions.xproj", "{DC3305AA-27F2-4DB0-A7A1-04E84F57BF19}"
EndProject
Project("{8BB2217D-0F2D-49D1-97BC-3654ED321F3B}") = "URF.EntityFramework", "src\URF.EntityFramework\URF.EntityFramework.xproj", "{80584807-54E4-4C16-B8F1-EFE78632B6EB}"
EndProject
Project("{2150E333-8FDC-42A3-9474-1A3956D46DE8}") = "src", "src", "{5A06583A-ADC2-4F9B-AAB1-03FFB5394127}"
EndProject
Global
	GlobalSection(SolutionConfigurationPlatforms) = preSolution
		Debug|Any CPU = Debug|Any CPU
		Release|Any CPU = Release|Any CPU
	EndGlobalSection
	GlobalSection(ProjectConfigurationPlatforms) = postSolution
		{DC3305AA-27F2-4DB0-A7A1-04E84F57BF19}.Debug|Any CPU.ActiveCfg = Debug|Any CPU
		{DC3305AA-27F2-4DB0-A7A1-04E84F57BF19}.Debug|Any CPU.Build.0 = Debug|Any CPU
		{DC3305AA-27F2-4DB0-A7A1-04E84F57BF19}.Release|Any CPU.ActiveCfg = Release|Any CPU
		{DC3305AA-27F2-4DB0-A7A1-04E84F57BF19}.Release|Any CPU.Build.0 = Release|Any CPU
		{80584807-54E4-4C16-B8F1-EFE78632B6EB}.Debug|Any CPU.ActiveCfg = Debug|Any CPU
		{80584807-54E4-4C16-B8F1-EFE78632B6EB}.Debug|Any CPU.Build.0 = Debug|Any CPU
		{80584807-54E4-4C16-B8F1-EFE78632B6EB}.Release|Any CPU.ActiveCfg = Release|Any CPU
		{80584807-54E4-4C16-B8F1-EFE78632B6EB}.Release|Any CPU.Build.0 = Release|Any CPU
	EndGlobalSection
	GlobalSection(SolutionProperties) = preSolution
		HideSolutionNode = FALSE
	EndGlobalSection
	GlobalSection(NestedProjects) = preSolution
		{DC3305AA-27F2-4DB0-A7A1-04E84F57BF19} = {5A06583A-ADC2-4F9B-AAB1-03FFB5394127}
		{80584807-54E4-4C16-B8F1-EFE78632B6EB} = {5A06583A-ADC2-4F9B-AAB1-03FFB5394127}
	EndGlobalSection
EndGlobal
